
Microsoft Visual Studio Solution File, Format Version 12.00
# Visual Studio Version 16
VisualStudioVersion = 16.0.30128.74
MinimumVisualStudioVersion = 10.0.40219.1
Project("{FAE04EC0-301F-11D3-BF4B-00C04F79EFBC}") = "MarketOnline.Test", "MarketOnline.Test\MarketOnline.Test.csproj", "{290DCFC9-03C7-4E56-8975-933C54041942}"
EndProject
Project("{FAE04EC0-301F-11D3-BF4B-00C04F79EFBC}") = "MarketOnline.Core", "MarketOnline.Core\MarketOnline.Core.csproj", "{7C77D3BB-44E4-49F1-B309-C1F6C882FAAB}"
EndProject
Project("{FAE04EC0-301F-11D3-BF4B-00C04F79EFBC}") = "MarketOnline.Run", "MarketOnline.Run\MarketOnline.Run.csproj", "{08BAFBF3-53C9-407B-9A1D-D1657FE1DA58}"
EndProject
Project("{FAE04EC0-301F-11D3-BF4B-00C04F79EFBC}") = "MarketOnline.DB", "MarketOnline.DB\MarketOnline.DB.csproj", "{2A2DD657-C979-491E-BAE6-5F1A28C1D143}"
EndProject
Project("{2150E333-8FDC-42A3-9474-1A3956D46DE8}") = "Test", "Test", "{99E6D784-7DB8-4871-9F25-6D7733C86C8E}"
EndProject
Project("{FAE04EC0-301F-11D3-BF4B-00C04F79EFBC}") = "MarketOnline.DB.Test", "Test\MarketOnline.DB.Test\MarketOnline.DB.Test.csproj", "{3F9D72A4-6514-4D76-BF2C-3120373E44AA}"
EndProject
Global
	GlobalSection(SolutionConfigurationPlatforms) = preSolution
		Debug|Any CPU = Debug|Any CPU
		Debug|x64 = Debug|x64
		Debug|x86 = Debug|x86
		Release|Any CPU = Release|Any CPU
		Release|x64 = Release|x64
		Release|x86 = Release|x86
	EndGlobalSection
	GlobalSection(ProjectConfigurationPlatforms) = postSolution
		{290DCFC9-03C7-4E56-8975-933C54041942}.Debug|Any CPU.ActiveCfg = Debug|Any CPU
		{290DCFC9-03C7-4E56-8975-933C54041942}.Debug|Any CPU.Build.0 = Debug|Any CPU
		{290DCFC9-03C7-4E56-8975-933C54041942}.Debug|x64.ActiveCfg = Debug|Any CPU
		{290DCFC9-03C7-4E56-8975-933C54041942}.Debug|x64.Build.0 = Debug|Any CPU
		{290DCFC9-03C7-4E56-8975-933C54041942}.Debug|x86.ActiveCfg = Debug|Any CPU
		{290DCFC9-03C7-4E56-8975-933C54041942}.Debug|x86.Build.0 = Debug|Any CPU
		{290DCFC9-03C7-4E56-8975-933C54041942}.Release|Any CPU.ActiveCfg = Release|Any CPU
		{290DCFC9-03C7-4E56-8975-933C54041942}.Release|Any CPU.Build.0 = Release|Any CPU
		{290DCFC9-03C7-4E56-8975-933C54041942}.Release|x64.ActiveCfg = Release|Any CPU
		{290DCFC9-03C7-4E56-8975-933C54041942}.Release|x64.Build.0 = Release|Any CPU
		{290DCFC9-03C7-4E56-8975-933C54041942}.Release|x86.ActiveCfg = Release|Any CPU
		{290DCFC9-03C7-4E56-8975-933C54041942}.Release|x86.Build.0 = Release|Any CPU
		{7C77D3BB-44E4-49F1-B309-C1F6C882FAAB}.Debug|Any CPU.ActiveCfg = Debug|Any CPU
		{7C77D3BB-44E4-49F1-B309-C1F6C882FAAB}.Debug|Any CPU.Build.0 = Debug|Any CPU
		{7C77D3BB-44E4-49F1-B309-C1F6C882FAAB}.Debug|x64.ActiveCfg = Debug|Any CPU
		{7C77D3BB-44E4-49F1-B309-C1F6C882FAAB}.Debug|x64.Build.0 = Debug|Any CPU
		{7C77D3BB-44E4-49F1-B309-C1F6C882FAAB}.Debug|x86.ActiveCfg = Debug|Any CPU
		{7C77D3BB-44E4-49F1-B309-C1F6C882FAAB}.Debug|x86.Build.0 = Debug|Any CPU
		{7C77D3BB-44E4-49F1-B309-C1F6C882FAAB}.Release|Any CPU.ActiveCfg = Release|Any CPU
		{7C77D3BB-44E4-49F1-B309-C1F6C882FAAB}.Release|Any CPU.Build.0 = Release|Any CPU
		{7C77D3BB-44E4-49F1-B309-C1F6C882FAAB}.Release|x64.ActiveCfg = Release|Any CPU
		{7C77D3BB-44E4-49F1-B309-C1F6C882FAAB}.Release|x64.Build.0 = Release|Any CPU
		{7C77D3BB-44E4-49F1-B309-C1F6C882FAAB}.Release|x86.ActiveCfg = Release|Any CPU
		{7C77D3BB-44E4-49F1-B309-C1F6C882FAAB}.Release|x86.Build.0 = Release|Any CPU
		{08BAFBF3-53C9-407B-9A1D-D1657FE1DA58}.Debug|Any CPU.ActiveCfg = Debug|Any CPU
		{08BAFBF3-53C9-407B-9A1D-D1657FE1DA58}.Debug|Any CPU.Build.0 = Debug|Any CPU
		{08BAFBF3-53C9-407B-9A1D-D1657FE1DA58}.Debug|x64.ActiveCfg = Debug|Any CPU
		{08BAFBF3-53C9-407B-9A1D-D1657FE1DA58}.Debug|x64.Build.0 = Debug|Any CPU
		{08BAFBF3-53C9-407B-9A1D-D1657FE1DA58}.Debug|x86.ActiveCfg = Debug|Any CPU
		{08BAFBF3-53C9-407B-9A1D-D1657FE1DA58}.Debug|x86.Build.0 = Debug|Any CPU
		{08BAFBF3-53C9-407B-9A1D-D1657FE1DA58}.Release|Any CPU.ActiveCfg = Release|Any CPU
		{08BAFBF3-53C9-407B-9A1D-D1657FE1DA58}.Release|Any CPU.Build.0 = Release|Any CPU
		{08BAFBF3-53C9-407B-9A1D-D1657FE1DA58}.Release|x64.ActiveCfg = Release|Any CPU
		{08BAFBF3-53C9-407B-9A1D-D1657FE1DA58}.Release|x64.Build.0 = Release|Any CPU
		{08BAFBF3-53C9-407B-9A1D-D1657FE1DA58}.Release|x86.ActiveCfg = Release|Any CPU
		{08BAFBF3-53C9-407B-9A1D-D1657FE1DA58}.Release|x86.Build.0 = Release|Any CPU
		{2A2DD657-C979-491E-BAE6-5F1A28C1D143}.Debug|Any CPU.ActiveCfg = Debug|Any CPU
		{2A2DD657-C979-491E-BAE6-5F1A28C1D143}.Debug|Any CPU.Build.0 = Debug|Any CPU
		{2A2DD657-C979-491E-BAE6-5F1A28C1D143}.Debug|x64.ActiveCfg = Debug|Any CPU
		{2A2DD657-C979-491E-BAE6-5F1A28C1D143}.Debug|x64.Build.0 = Debug|Any CPU
		{2A2DD657-C979-491E-BAE6-5F1A28C1D143}.Debug|x86.ActiveCfg = Debug|Any CPU
		{2A2DD657-C979-491E-BAE6-5F1A28C1D143}.Debug|x86.Build.0 = Debug|Any CPU
		{2A2DD657-C979-491E-BAE6-5F1A28C1D143}.Release|Any CPU.ActiveCfg = Release|Any CPU
		{2A2DD657-C979-491E-BAE6-5F1A28C1D143}.Release|Any CPU.Build.0 = Release|Any CPU
		{2A2DD657-C979-491E-BAE6-5F1A28C1D143}.Release|x64.ActiveCfg = Release|Any CPU
		{2A2DD657-C979-491E-BAE6-5F1A28C1D143}.Release|x64.Build.0 = Release|Any CPU
		{2A2DD657-C979-491E-BAE6-5F1A28C1D143}.Release|x86.ActiveCfg = Release|Any CPU
		{2A2DD657-C979-491E-BAE6-5F1A28C1D143}.Release|x86.Build.0 = Release|Any CPU
		{3F9D72A4-6514-4D76-BF2C-3120373E44AA}.Debug|Any CPU.ActiveCfg = Debug|Any CPU
		{3F9D72A4-6514-4D76-BF2C-3120373E44AA}.Debug|Any CPU.Build.0 = Debug|Any CPU
		{3F9D72A4-6514-4D76-BF2C-3120373E44AA}.Debug|x64.ActiveCfg = Debug|Any CPU
		{3F9D72A4-6514-4D76-BF2C-3120373E44AA}.Debug|x64.Build.0 = Debug|Any CPU
		{3F9D72A4-6514-4D76-BF2C-3120373E44AA}.Debug|x86.ActiveCfg = Debug|Any CPU
		{3F9D72A4-6514-4D76-BF2C-3120373E44AA}.Debug|x86.Build.0 = Debug|Any CPU
		{3F9D72A4-6514-4D76-BF2C-3120373E44AA}.Release|Any CPU.ActiveCfg = Release|Any CPU
		{3F9D72A4-6514-4D76-BF2C-3120373E44AA}.Release|Any CPU.Build.0 = Release|Any CPU
		{3F9D72A4-6514-4D76-BF2C-3120373E44AA}.Release|x64.ActiveCfg = Release|Any CPU
		{3F9D72A4-6514-4D76-BF2C-3120373E44AA}.Release|x64.Build.0 = Release|Any CPU
		{3F9D72A4-6514-4D76-BF2C-3120373E44AA}.Release|x86.ActiveCfg = Release|Any CPU
		{3F9D72A4-6514-4D76-BF2C-3120373E44AA}.Release|x86.Build.0 = Release|Any CPU
	EndGlobalSection
	GlobalSection(SolutionProperties) = preSolution
		HideSolutionNode = FALSE
	EndGlobalSection
	GlobalSection(NestedProjects) = preSolution
		{290DCFC9-03C7-4E56-8975-933C54041942} = {99E6D784-7DB8-4871-9F25-6D7733C86C8E}
		{3F9D72A4-6514-4D76-BF2C-3120373E44AA} = {99E6D784-7DB8-4871-9F25-6D7733C86C8E}
	EndGlobalSection
	GlobalSection(ExtensibilityGlobals) = postSolution
		SolutionGuid = {AB427A34-4D43-4F86-B025-C67CC52FEC41}
	EndGlobalSection
EndGlobal
